
Microsoft Visual Studio Solution File, Format Version 12.00
# Visual Studio Version 17
VisualStudioVersion = 17.7.34031.279
MinimumVisualStudioVersion = 10.0.40219.1
Project("{FAE04EC0-301F-11D3-BF4B-00C04F79EFBC}") = "HelloWorld_Watford_Koby", "HelloWorld_Watford_Koby\HelloWorld_Watford_Koby.csproj", "{170B26EC-D14A-4C29-AADB-61E3A922523C}"
EndProject
Global
	GlobalSection(SolutionConfigurationPlatforms) = preSolution
		Debug|Any CPU = Debug|Any CPU
		Release|Any CPU = Release|Any CPU
	EndGlobalSection
	GlobalSection(ProjectConfigurationPlatforms) = postSolution
		{170B26EC-D14A-4C29-AADB-61E3A922523C}.Debug|Any CPU.ActiveCfg = Debug|Any CPU
		{170B26EC-D14A-4C29-AADB-61E3A922523C}.Debug|Any CPU.Build.0 = Debug|Any CPU
		{170B26EC-D14A-4C29-AADB-61E3A922523C}.Release|Any CPU.ActiveCfg = Release|Any CPU
		{170B26EC-D14A-4C29-AADB-61E3A922523C}.Release|Any CPU.Build.0 = Release|Any CPU
	EndGlobalSection
	GlobalSection(SolutionProperties) = preSolution
		HideSolutionNode = FALSE
	EndGlobalSection
	GlobalSection(ExtensibilityGlobals) = postSolution
		SolutionGuid = {41F99C65-3D92-4524-816D-A9D838BDEABD}
	EndGlobalSection
EndGlobal
